
Microsoft Visual Studio Solution File, Format Version 12.00
# Visual Studio Version 17
VisualStudioVersion = 17.7.34202.233
MinimumVisualStudioVersion = 10.0.40219.1
Project("{FAE04EC0-301F-11D3-BF4B-00C04F79EFBC}") = "chatGPT_app", "chatGPT_app\chatGPT_app.csproj", "{1DAD843C-4538-4BBB-AAF7-DB3AEC4407F8}"
EndProject
Global
	GlobalSection(SolutionConfigurationPlatforms) = preSolution
		Debug|Any CPU = Debug|Any CPU
		Release|Any CPU = Release|Any CPU
	EndGlobalSection
	GlobalSection(ProjectConfigurationPlatforms) = postSolution
		{1DAD843C-4538-4BBB-AAF7-DB3AEC4407F8}.Debug|Any CPU.ActiveCfg = Debug|Any CPU
		{1DAD843C-4538-4BBB-AAF7-DB3AEC4407F8}.Debug|Any CPU.Build.0 = Debug|Any CPU
		{1DAD843C-4538-4BBB-AAF7-DB3AEC4407F8}.Release|Any CPU.ActiveCfg = Release|Any CPU
		{1DAD843C-4538-4BBB-AAF7-DB3AEC4407F8}.Release|Any CPU.Build.0 = Release|Any CPU
	EndGlobalSection
	GlobalSection(SolutionProperties) = preSolution
		HideSolutionNode = FALSE
	EndGlobalSection
	GlobalSection(ExtensibilityGlobals) = postSolution
		SolutionGuid = {3E15F709-4069-4B54-A3DA-BA9D928D99C4}
	EndGlobalSection
EndGlobal
